
Microsoft Visual Studio Solution File, Format Version 12.00
Project("{FAE04EC0-301F-11D3-BF4B-00C04F79EFBC}") = "TreeStructure", "TreeStructure\TreeStructure.csproj", "{B2AA2FF3-F858-4E7A-B093-AAE4419D30CE}"
EndProject
Global
	GlobalSection(SolutionConfigurationPlatforms) = preSolution
		Debug|Any CPU = Debug|Any CPU
		Release|Any CPU = Release|Any CPU
	EndGlobalSection
	GlobalSection(ProjectConfigurationPlatforms) = postSolution
		{B2AA2FF3-F858-4E7A-B093-AAE4419D30CE}.Debug|Any CPU.ActiveCfg = Debug|Any CPU
		{B2AA2FF3-F858-4E7A-B093-AAE4419D30CE}.Debug|Any CPU.Build.0 = Debug|Any CPU
		{B2AA2FF3-F858-4E7A-B093-AAE4419D30CE}.Release|Any CPU.ActiveCfg = Release|Any CPU
		{B2AA2FF3-F858-4E7A-B093-AAE4419D30CE}.Release|Any CPU.Build.0 = Release|Any CPU
	EndGlobalSection
EndGlobal
